// !$*UTF8*$!
{
	archiveVersion = 1;
	classes = {
	};
	objectVersion = 46;
	objects = {

/* Begin PBXBuildFile section */
		E33AD5CF5B6EF52168EF0C42 /* Pods_CoreDataPractice.framework in Frameworks */ = {isa = PBXBuildFile; fileRef = 766BA6B8905759C574D94426 /* Pods_CoreDataPractice.framework */; };
		E3FEBB8F1E75108F00B76615 /* AppDelegate.swift in Sources */ = {isa = PBXBuildFile; fileRef = E3FEBB8E1E75108F00B76615 /* AppDelegate.swift */; };
		E3FEBB911E75108F00B76615 /* ViewController.swift in Sources */ = {isa = PBXBuildFile; fileRef = E3FEBB901E75108F00B76615 /* ViewController.swift */; };
		E3FEBB941E75108F00B76615 /* Main.storyboard in Resources */ = {isa = PBXBuildFile; fileRef = E3FEBB921E75108F00B76615 /* Main.storyboard */; };
		E3FEBB971E75108F00B76615 /* CoreDataPractice.xcdatamodeld in Sources */ = {isa = PBXBuildFile; fileRef = E3FEBB951E75108F00B76615 /* CoreDataPractice.xcdatamodeld */; };
		E3FEBB991E75108F00B76615 /* Assets.xcassets in Resources */ = {isa = PBXBuildFile; fileRef = E3FEBB981E75108F00B76615 /* Assets.xcassets */; };
		E3FEBB9C1E75108F00B76615 /* LaunchScreen.storyboard in Resources */ = {isa = PBXBuildFile; fileRef = E3FEBB9A1E75108F00B76615 /* LaunchScreen.storyboard */; };
		E3FEBBA71E75108F00B76615 /* CoreDataPracticeTests.swift in Sources */ = {isa = PBXBuildFile; fileRef = E3FEBBA61E75108F00B76615 /* CoreDataPracticeTests.swift */; };
		E3FEBBB31E75AF6D00B76615 /* Product.swift in Sources */ = {isa = PBXBuildFile; fileRef = E3FEBBB21E75AF6D00B76615 /* Product.swift */; };
		E3FEBBB61E75B15600B76615 /* Products.json in Resources */ = {isa = PBXBuildFile; fileRef = E3FEBBB51E75B15600B76615 /* Products.json */; };
		E3FEBBB81E75B1A100B76615 /* JSONReader.swift in Sources */ = {isa = PBXBuildFile; fileRef = E3FEBBB71E75B1A100B76615 /* JSONReader.swift */; };
		E3FEBBBA1E75B29A00B76615 /* ProductsFetcher.swift in Sources */ = {isa = PBXBuildFile; fileRef = E3FEBBB91E75B29A00B76615 /* ProductsFetcher.swift */; };
/* End PBXBuildFile section */

/* Begin PBXContainerItemProxy section */
		E3FEBBA31E75108F00B76615 /* PBXContainerItemProxy */ = {
			isa = PBXContainerItemProxy;
			containerPortal = E3FEBB831E75108F00B76615 /* Project object */;
			proxyType = 1;
			remoteGlobalIDString = E3FEBB8A1E75108F00B76615;
			remoteInfo = CoreDataPractice;
		};
/* End PBXContainerItemProxy section */

/* Begin PBXFileReference section */
		711748431B761717BB97172C /* Pods-CoreDataPractice.debug.xcconfig */ = {isa = PBXFileReference; includeInIndex = 1; lastKnownFileType = text.xcconfig; name = "Pods-CoreDataPractice.debug.xcconfig"; path = "Pods/Target Support Files/Pods-CoreDataPractice/Pods-CoreDataPractice.debug.xcconfig"; sourceTree = "<group>"; };
		766BA6B8905759C574D94426 /* Pods_CoreDataPractice.framework */ = {isa = PBXFileReference; explicitFileType = wrapper.framework; includeInIndex = 0; path = Pods_CoreDataPractice.framework; sourceTree = BUILT_PRODUCTS_DIR; };
		95A61E0AEE1F0000BCD58526 /* Pods-CoreDataPractice.release.xcconfig */ = {isa = PBXFileReference; includeInIndex = 1; lastKnownFileType = text.xcconfig; name = "Pods-CoreDataPractice.release.xcconfig"; path = "Pods/Target Support Files/Pods-CoreDataPractice/Pods-CoreDataPractice.release.xcconfig"; sourceTree = "<group>"; };
		E3FEBB8B1E75108F00B76615 /* CoreDataPractice.app */ = {isa = PBXFileReference; explicitFileType = wrapper.application; includeInIndex = 0; path = CoreDataPractice.app; sourceTree = BUILT_PRODUCTS_DIR; };
		E3FEBB8E1E75108F00B76615 /* AppDelegate.swift */ = {isa = PBXFileReference; lastKnownFileType = sourcecode.swift; path = AppDelegate.swift; sourceTree = "<group>"; };
		E3FEBB901E75108F00B76615 /* ViewController.swift */ = {isa = PBXFileReference; lastKnownFileType = sourcecode.swift; path = ViewController.swift; sourceTree = "<group>"; };
		E3FEBB931E75108F00B76615 /* Base */ = {isa = PBXFileReference; lastKnownFileType = file.storyboard; name = Base; path = Base.lproj/Main.storyboard; sourceTree = "<group>"; };
		E3FEBB961E75108F00B76615 /* CoreDataPractice.xcdatamodel */ = {isa = PBXFileReference; lastKnownFileType = wrapper.xcdatamodel; path = CoreDataPractice.xcdatamodel; sourceTree = "<group>"; };
		E3FEBB981E75108F00B76615 /* Assets.xcassets */ = {isa = PBXFileReference; lastKnownFileType = folder.assetcatalog; path = Assets.xcassets; sourceTree = "<group>"; };
		E3FEBB9B1E75108F00B76615 /* Base */ = {isa = PBXFileReference; lastKnownFileType = file.storyboard; name = Base; path = Base.lproj/LaunchScreen.storyboard; sourceTree = "<group>"; };
		E3FEBB9D1E75108F00B76615 /* Info.plist */ = {isa = PBXFileReference; lastKnownFileType = text.plist.xml; path = Info.plist; sourceTree = "<group>"; };
		E3FEBBA21E75108F00B76615 /* CoreDataPracticeTests.xctest */ = {isa = PBXFileReference; explicitFileType = wrapper.cfbundle; includeInIndex = 0; path = CoreDataPracticeTests.xctest; sourceTree = BUILT_PRODUCTS_DIR; };
		E3FEBBA61E75108F00B76615 /* CoreDataPracticeTests.swift */ = {isa = PBXFileReference; lastKnownFileType = sourcecode.swift; path = CoreDataPracticeTests.swift; sourceTree = "<group>"; };
		E3FEBBA81E75108F00B76615 /* Info.plist */ = {isa = PBXFileReference; lastKnownFileType = text.plist.xml; path = Info.plist; sourceTree = "<group>"; };
		E3FEBBB21E75AF6D00B76615 /* Product.swift */ = {isa = PBXFileReference; fileEncoding = 4; lastKnownFileType = sourcecode.swift; path = Product.swift; sourceTree = "<group>"; };
		E3FEBBB51E75B15600B76615 /* Products.json */ = {isa = PBXFileReference; fileEncoding = 4; lastKnownFileType = text.json; path = Products.json; sourceTree = "<group>"; };
		E3FEBBB71E75B1A100B76615 /* JSONReader.swift */ = {isa = PBXFileReference; fileEncoding = 4; lastKnownFileType = sourcecode.swift; path = JSONReader.swift; sourceTree = "<group>"; };
		E3FEBBB91E75B29A00B76615 /* ProductsFetcher.swift */ = {isa = PBXFileReference; fileEncoding = 4; lastKnownFileType = sourcecode.swift; path = ProductsFetcher.swift; sourceTree = "<group>"; };
/* End PBXFileReference section */

/* Begin PBXFrameworksBuildPhase section */
		E3FEBB881E75108F00B76615 /* Frameworks */ = {
			isa = PBXFrameworksBuildPhase;
			buildActionMask = 2147483647;
			files = (
				E33AD5CF5B6EF52168EF0C42 /* Pods_CoreDataPractice.framework in Frameworks */,
			);
			runOnlyForDeploymentPostprocessing = 0;
		};
		E3FEBB9F1E75108F00B76615 /* Frameworks */ = {
			isa = PBXFrameworksBuildPhase;
			buildActionMask = 2147483647;
			files = (
			);
			runOnlyForDeploymentPostprocessing = 0;
		};
/* End PBXFrameworksBuildPhase section */

/* Begin PBXGroup section */
		066E481E5B916E62E19DB2B8 /* Frameworks */ = {
			isa = PBXGroup;
			children = (
				766BA6B8905759C574D94426 /* Pods_CoreDataPractice.framework */,
			);
			name = Frameworks;
			sourceTree = "<group>";
		};
		4E49A856FBEA97917656A7D5 /* Pods */ = {
			isa = PBXGroup;
			children = (
				711748431B761717BB97172C /* Pods-CoreDataPractice.debug.xcconfig */,
				95A61E0AEE1F0000BCD58526 /* Pods-CoreDataPractice.release.xcconfig */,
			);
			name = Pods;
			sourceTree = "<group>";
		};
		E3FEBB821E75108F00B76615 = {
			isa = PBXGroup;
			children = (
				E3FEBB8D1E75108F00B76615 /* CoreDataPractice */,
				E3FEBBA51E75108F00B76615 /* CoreDataPracticeTests */,
				E3FEBB8C1E75108F00B76615 /* Products */,
				4E49A856FBEA97917656A7D5 /* Pods */,
				066E481E5B916E62E19DB2B8 /* Frameworks */,
			);
			sourceTree = "<group>";
		};
		E3FEBB8C1E75108F00B76615 /* Products */ = {
			isa = PBXGroup;
			children = (
				E3FEBB8B1E75108F00B76615 /* CoreDataPractice.app */,
				E3FEBBA21E75108F00B76615 /* CoreDataPracticeTests.xctest */,
			);
			name = Products;
			sourceTree = "<group>";
		};
		E3FEBB8D1E75108F00B76615 /* CoreDataPractice */ = {
			isa = PBXGroup;
			children = (
				E3FEBBB41E75B14400B76615 /* JSON Fixtures */,
				E3FEBBB11E75AF6100B76615 /* Model */,
				E3FEBB8E1E75108F00B76615 /* AppDelegate.swift */,
				E3FEBB901E75108F00B76615 /* ViewController.swift */,
				E3FEBB921E75108F00B76615 /* Main.storyboard */,
				E3FEBB981E75108F00B76615 /* Assets.xcassets */,
				E3FEBB9A1E75108F00B76615 /* LaunchScreen.storyboard */,
				E3FEBB9D1E75108F00B76615 /* Info.plist */,
				E3FEBB951E75108F00B76615 /* CoreDataPractice.xcdatamodeld */,
			);
			path = CoreDataPractice;
			sourceTree = "<group>";
		};
		E3FEBBA51E75108F00B76615 /* CoreDataPracticeTests */ = {
			isa = PBXGroup;
			children = (
				E3FEBBA61E75108F00B76615 /* CoreDataPracticeTests.swift */,
				E3FEBBA81E75108F00B76615 /* Info.plist */,
			);
			path = CoreDataPracticeTests;
			sourceTree = "<group>";
		};
		E3FEBBB11E75AF6100B76615 /* Model */ = {
			isa = PBXGroup;
			children = (
				E3FEBBB21E75AF6D00B76615 /* Product.swift */,
				E3FEBBB91E75B29A00B76615 /* ProductsFetcher.swift */,
			);
			name = Model;
			sourceTree = "<group>";
		};
		E3FEBBB41E75B14400B76615 /* JSON Fixtures */ = {
			isa = PBXGroup;
			children = (
				E3FEBBB51E75B15600B76615 /* Products.json */,
				E3FEBBB71E75B1A100B76615 /* JSONReader.swift */,
			);
			name = "JSON Fixtures";
			sourceTree = "<group>";
		};
/* End PBXGroup section */

/* Begin PBXNativeTarget section */
		E3FEBB8A1E75108F00B76615 /* CoreDataPractice */ = {
			isa = PBXNativeTarget;
			buildConfigurationList = E3FEBBAB1E75108F00B76615 /* Build configuration list for PBXNativeTarget "CoreDataPractice" */;
			buildPhases = (
				89A0B7685B5E23756D36DF95 /* [CP] Check Pods Manifest.lock */,
				E3FEBB871E75108F00B76615 /* Sources */,
				E3FEBB881E75108F00B76615 /* Frameworks */,
				E3FEBB891E75108F00B76615 /* Resources */,
				0D1093B2768906C6B73925F1 /* [CP] Embed Pods Frameworks */,
				CD44F69CC8A4CF39BD80AEE0 /* [CP] Copy Pods Resources */,
			);
			buildRules = (
			);
			dependencies = (
			);
			name = CoreDataPractice;
			productName = CoreDataPractice;
			productReference = E3FEBB8B1E75108F00B76615 /* CoreDataPractice.app */;
			productType = "com.apple.product-type.application";
		};
		E3FEBBA11E75108F00B76615 /* CoreDataPracticeTests */ = {
			isa = PBXNativeTarget;
			buildConfigurationList = E3FEBBAE1E75108F00B76615 /* Build configuration list for PBXNativeTarget "CoreDataPracticeTests" */;
			buildPhases = (
				E3FEBB9E1E75108F00B76615 /* Sources */,
				E3FEBB9F1E75108F00B76615 /* Frameworks */,
				E3FEBBA01E75108F00B76615 /* Resources */,
			);
			buildRules = (
			);
			dependencies = (
				E3FEBBA41E75108F00B76615 /* PBXTargetDependency */,
			);
			name = CoreDataPracticeTests;
			productName = CoreDataPracticeTests;
			productReference = E3FEBBA21E75108F00B76615 /* CoreDataPracticeTests.xctest */;
			productType = "com.apple.product-type.bundle.unit-test";
		};
/* End PBXNativeTarget section */

/* Begin PBXProject section */
		E3FEBB831E75108F00B76615 /* Project object */ = {
			isa = PBXProject;
			attributes = {
				LastSwiftUpdateCheck = 0820;
				LastUpgradeCheck = 0820;
				ORGANIZATIONNAME = "Jayesh Kawli";
				TargetAttributes = {
					E3FEBB8A1E75108F00B76615 = {
						CreatedOnToolsVersion = 8.2.1;
						DevelopmentTeam = MV3J9MQS8N;
						ProvisioningStyle = Automatic;
					};
					E3FEBBA11E75108F00B76615 = {
						CreatedOnToolsVersion = 8.2.1;
						ProvisioningStyle = Automatic;
						TestTargetID = E3FEBB8A1E75108F00B76615;
					};
				};
			};
			buildConfigurationList = E3FEBB861E75108F00B76615 /* Build configuration list for PBXProject "CoreDataPractice" */;
			compatibilityVersion = "Xcode 3.2";
			developmentRegion = English;
			hasScannedForEncodings = 0;
			knownRegions = (
				en,
				Base,
			);
			mainGroup = E3FEBB821E75108F00B76615;
			productRefGroup = E3FEBB8C1E75108F00B76615 /* Products */;
			projectDirPath = "";
			projectRoot = "";
			targets = (
				E3FEBB8A1E75108F00B76615 /* CoreDataPractice */,
				E3FEBBA11E75108F00B76615 /* CoreDataPracticeTests */,
			);
		};
/* End PBXProject section */

/* Begin PBXResourcesBuildPhase section */
		E3FEBB891E75108F00B76615 /* Resources */ = {
			isa = PBXResourcesBuildPhase;
			buildActionMask = 2147483647;
			files = (
				E3FEBB9C1E75108F00B76615 /* LaunchScreen.storyboard in Resources */,
				E3FEBBB61E75B15600B76615 /* Products.json in Resources */,
				E3FEBB991E75108F00B76615 /* Assets.xcassets in Resources */,
				E3FEBB941E75108F00B76615 /* Main.storyboard in Resources */,
			);
			runOnlyForDeploymentPostprocessing = 0;
		};
		E3FEBBA01E75108F00B76615 /* Resources */ = {
			isa = PBXResourcesBuildPhase;
			buildActionMask = 2147483647;
			files = (
			);
			runOnlyForDeploymentPostprocessing = 0;
		};
/* End PBXResourcesBuildPhase section */

/* Begin PBXShellScriptBuildPhase section */
		0D1093B2768906C6B73925F1 /* [CP] Embed Pods Frameworks */ = {
			isa = PBXShellScriptBuildPhase;
			buildActionMask = 2147483647;
			files = (
			);
			inputPaths = (
			);
			name = "[CP] Embed Pods Frameworks";
			outputPaths = (
			);
			runOnlyForDeploymentPostprocessing = 0;
			shellPath = /bin/sh;
			shellScript = "\"${SRCROOT}/Pods/Target Support Files/Pods-CoreDataPractice/Pods-CoreDataPractice-frameworks.sh\"\n";
			showEnvVarsInLog = 0;
		};
		89A0B7685B5E23756D36DF95 /* [CP] Check Pods Manifest.lock */ = {
			isa = PBXShellScriptBuildPhase;
			buildActionMask = 2147483647;
			files = (
			);
			inputPaths = (
			);
			name = "[CP] Check Pods Manifest.lock";
			outputPaths = (
			);
			runOnlyForDeploymentPostprocessing = 0;
			shellPath = /bin/sh;
			shellScript = "diff \"${PODS_ROOT}/../Podfile.lock\" \"${PODS_ROOT}/Manifest.lock\" > /dev/null\nif [ $? != 0 ] ; then\n    # print error to STDERR\n    echo \"error: The sandbox is not in sync with the Podfile.lock. Run 'pod install' or update your CocoaPods installation.\" >&2\n    exit 1\nfi\n";
			showEnvVarsInLog = 0;
		};
		CD44F69CC8A4CF39BD80AEE0 /* [CP] Copy Pods Resources */ = {
			isa = PBXShellScriptBuildPhase;
			buildActionMask = 2147483647;
			files = (
			);
			inputPaths = (
			);
			name = "[CP] Copy Pods Resources";
			outputPaths = (
			);
			runOnlyForDeploymentPostprocessing = 0;
			shellPath = /bin/sh;
			shellScript = "\"${SRCROOT}/Pods/Target Support Files/Pods-CoreDataPractice/Pods-CoreDataPractice-resources.sh\"\n";
			showEnvVarsInLog = 0;
		};
/* End PBXShellScriptBuildPhase section */

/* Begin PBXSourcesBuildPhase section */
		E3FEBB871E75108F00B76615 /* Sources */ = {
			isa = PBXSourcesBuildPhase;
			buildActionMask = 2147483647;
			files = (
				E3FEBB911E75108F00B76615 /* ViewController.swift in Sources */,
				E3FEBBB81E75B1A100B76615 /* JSONReader.swift in Sources */,
				E3FEBBB31E75AF6D00B76615 /* Product.swift in Sources */,
				E3FEBBBA1E75B29A00B76615 /* ProductsFetcher.swift in Sources */,
				E3FEBB971E75108F00B76615 /* CoreDataPractice.xcdatamodeld in Sources */,
				E3FEBB8F1E75108F00B76615 /* AppDelegate.swift in Sources */,
			);
			runOnlyForDeploymentPostprocessing = 0;
		};
		E3FEBB9E1E75108F00B76615 /* Sources */ = {
			isa = PBXSourcesBuildPhase;
			buildActionMask = 2147483647;
			files = (
				E3FEBBA71E75108F00B76615 /* CoreDataPracticeTests.swift in Sources */,
			);
			runOnlyForDeploymentPostprocessing = 0;
		};
/* End PBXSourcesBuildPhase section */

/* Begin PBXTargetDependency section */
		E3FEBBA41E75108F00B76615 /* PBXTargetDependency */ = {
			isa = PBXTargetDependency;
			target = E3FEBB8A1E75108F00B76615 /* CoreDataPractice */;
			targetProxy = E3FEBBA31E75108F00B76615 /* PBXContainerItemProxy */;
		};
/* End PBXTargetDependency section */

/* Begin PBXVariantGroup section */
		E3FEBB921E75108F00B76615 /* Main.storyboard */ = {
			isa = PBXVariantGroup;
			children = (
				E3FEBB931E75108F00B76615 /* Base */,
			);
			name = Main.storyboard;
			sourceTree = "<group>";
		};
		E3FEBB9A1E75108F00B76615 /* LaunchScreen.storyboard */ = {
			isa = PBXVariantGroup;
			children = (
				E3FEBB9B1E75108F00B76615 /* Base */,
			);
			name = LaunchScreen.storyboard;
			sourceTree = "<group>";
		};
/* End PBXVariantGroup section */

/* Begin XCBuildConfiguration section */
		E3FEBBA91E75108F00B76615 /* Debug */ = {
			isa = XCBuildConfiguration;
			buildSettings = {
				ALWAYS_SEARCH_USER_PATHS = NO;
				CLANG_ANALYZER_NONNULL = YES;
				CLANG_CXX_LANGUAGE_STANDARD = "gnu++0x";
				CLANG_CXX_LIBRARY = "libc++";
				CLANG_ENABLE_MODULES = YES;
				CLANG_ENABLE_OBJC_ARC = YES;
				CLANG_WARN_BOOL_CONVERSION = YES;
				CLANG_WARN_CONSTANT_CONVERSION = YES;
				CLANG_WARN_DIRECT_OBJC_ISA_USAGE = YES_ERROR;
				CLANG_WARN_DOCUMENTATION_COMMENTS = YES;
				CLANG_WARN_EMPTY_BODY = YES;
				CLANG_WARN_ENUM_CONVERSION = YES;
				CLANG_WARN_INFINITE_RECURSION = YES;
				CLANG_WARN_INT_CONVERSION = YES;
				CLANG_WARN_OBJC_ROOT_CLASS = YES_ERROR;
				CLANG_WARN_SUSPICIOUS_MOVE = YES;
				CLANG_WARN_UNREACHABLE_CODE = YES;
				CLANG_WARN__DUPLICATE_METHOD_MATCH = YES;
				"CODE_SIGN_IDENTITY[sdk=iphoneos*]" = "iPhone Developer";
				COPY_PHASE_STRIP = NO;
				DEBUG_INFORMATION_FORMAT = dwarf;
				ENABLE_STRICT_OBJC_MSGSEND = YES;
				ENABLE_TESTABILITY = YES;
				GCC_C_LANGUAGE_STANDARD = gnu99;
				GCC_DYNAMIC_NO_PIC = NO;
				GCC_NO_COMMON_BLOCKS = YES;
				GCC_OPTIMIZATION_LEVEL = 0;
				GCC_PREPROCESSOR_DEFINITIONS = (
					"DEBUG=1",
					"$(inherited)",
				);
				GCC_WARN_64_TO_32_BIT_CONVERSION = YES;
				GCC_WARN_ABOUT_RETURN_TYPE = YES_ERROR;
				GCC_WARN_UNDECLARED_SELECTOR = YES;
				GCC_WARN_UNINITIALIZED_AUTOS = YES_AGGRESSIVE;
				GCC_WARN_UNUSED_FUNCTION = YES;
				GCC_WARN_UNUSED_VARIABLE = YES;
				IPHONEOS_DEPLOYMENT_TARGET = 10.2;
				MTL_ENABLE_DEBUG_INFO = YES;
				ONLY_ACTIVE_ARCH = YES;
				SDKROOT = iphoneos;
				SWIFT_ACTIVE_COMPILATION_CONDITIONS = DEBUG;
				SWIFT_OPTIMIZATION_LEVEL = "-Onone";
				TARGETED_DEVICE_FAMILY = "1,2";
			};
			name = Debug;
		};
		E3FEBBAA1E75108F00B76615 /* Release */ = {
			isa = XCBuildConfiguration;
			buildSettings = {
				ALWAYS_SEARCH_USER_PATHS = NO;
				CLANG_ANALYZER_NONNULL = YES;
				CLANG_CXX_LANGUAGE_STANDARD = "gnu++0x";
				CLANG_CXX_LIBRARY = "libc++";
				CLANG_ENABLE_MODULES = YES;
				CLANG_ENABLE_OBJC_ARC = YES;
				CLANG_WARN_BOOL_CONVERSION = YES;
				CLANG_WARN_CONSTANT_CONVERSION = YES;
				CLANG_WARN_DIRECT_OBJC_ISA_USAGE = YES_ERROR;
				CLANG_WARN_DOCUMENTATION_COMMENTS = YES;
				CLANG_WARN_EMPTY_BODY = YES;
				CLANG_WARN_ENUM_CONVERSION = YES;
				CLANG_WARN_INFINITE_RECURSION = YES;
				CLANG_WARN_INT_CONVERSION = YES;
				CLANG_WARN_OBJC_ROOT_CLASS = YES_ERROR;
				CLANG_WARN_SUSPICIOUS_MOVE = YES;
				CLANG_WARN_UNREACHABLE_CODE = YES;
				CLANG_WARN__DUPLICATE_METHOD_MATCH = YES;
				"CODE_SIGN_IDENTITY[sdk=iphoneos*]" = "iPhone Developer";
				COPY_PHASE_STRIP = NO;
				DEBUG_INFORMATION_FORMAT = "dwarf-with-dsym";
				ENABLE_NS_ASSERTIONS = NO;
				ENABLE_STRICT_OBJC_MSGSEND = YES;
				GCC_C_LANGUAGE_STANDARD = gnu99;
				GCC_NO_COMMON_BLOCKS = YES;
				GCC_WARN_64_TO_32_BIT_CONVERSION = YES;
				GCC_WARN_ABOUT_RETURN_TYPE = YES_ERROR;
				GCC_WARN_UNDECLARED_SELECTOR = YES;
				GCC_WARN_UNINITIALIZED_AUTOS = YES_AGGRESSIVE;
				GCC_WARN_UNUSED_FUNCTION = YES;
				GCC_WARN_UNUSED_VARIABLE = YES;
				IPHONEOS_DEPLOYMENT_TARGET = 10.2;
				MTL_ENABLE_DEBUG_INFO = NO;
				SDKROOT = iphoneos;
				SWIFT_OPTIMIZATION_LEVEL = "-Owholemodule";
				TARGETED_DEVICE_FAMILY = "1,2";
				VALIDATE_PRODUCT = YES;
			};
			name = Release;
		};
		E3FEBBAC1E75108F00B76615 /* Debug */ = {
			isa = XCBuildConfiguration;
			baseConfigurationReference = 711748431B761717BB97172C /* Pods-CoreDataPractice.debug.xcconfig */;
			buildSettings = {
				ASSETCATALOG_COMPILER_APPICON_NAME = AppIcon;
				DEVELOPMENT_TEAM = MV3J9MQS8N;
				INFOPLIST_FILE = CoreDataPractice/Info.plist;
				LD_RUNPATH_SEARCH_PATHS = "$(inherited) @executable_path/Frameworks";
				PRODUCT_BUNDLE_IDENTIFIER = wayfair.org.CoreDataPractice;
				PRODUCT_NAME = "$(TARGET_NAME)";
				SWIFT_VERSION = 2.3;
			};
			name = Debug;
		};
		E3FEBBAD1E75108F00B76615 /* Release */ = {
			isa = XCBuildConfiguration;
			baseConfigurationReference = 95A61E0AEE1F0000BCD58526 /* Pods-CoreDataPractice.release.xcconfig */;
			buildSettings = {
				ASSETCATALOG_COMPILER_APPICON_NAME = AppIcon;
				DEVELOPMENT_TEAM = MV3J9MQS8N;
				INFOPLIST_FILE = CoreDataPractice/Info.plist;
				LD_RUNPATH_SEARCH_PATHS = "$(inherited) @executable_path/Frameworks";
				PRODUCT_BUNDLE_IDENTIFIER = wayfair.org.CoreDataPractice;
				PRODUCT_NAME = "$(TARGET_NAME)";
				SWIFT_VERSION = 2.3;
			};
			name = Release;
		};
		E3FEBBAF1E75108F00B76615 /* Debug */ = {
			isa = XCBuildConfiguration;
			buildSettings = {
				ALWAYS_EMBED_SWIFT_STANDARD_LIBRARIES = YES;
				BUNDLE_LOADER = "$(TEST_HOST)";
				INFOPLIST_FILE = CoreDataPracticeTests/Info.plist;
				LD_RUNPATH_SEARCH_PATHS = "$(inherited) @executable_path/Frameworks @loader_path/Frameworks";
				PRODUCT_BUNDLE_IDENTIFIER = wayfair.org.CoreDataPracticeTests;
				PRODUCT_NAME = "$(TARGET_NAME)";
				SWIFT_VERSION = 3.0;
				TEST_HOST = "$(BUILT_PRODUCTS_DIR)/CoreDataPractice.app/CoreDataPractice";
			};
			name = Debug;
		};
		E3FEBBB01E75108F00B76615 /* Release */ = {
			isa = XCBuildConfiguration;
			buildSettings = {
				ALWAYS_EMBED_SWIFT_STANDARD_LIBRARIES = YES;
				BUNDLE_LOADER = "$(TEST_HOST)";
				INFOPLIST_FILE = CoreDataPracticeTests/Info.plist;
				LD_RUNPATH_SEARCH_PATHS = "$(inherited) @executable_path/Frameworks @loader_path/Frameworks";
				PRODUCT_BUNDLE_IDENTIFIER = wayfair.org.CoreDataPracticeTests;
				PRODUCT_NAME = "$(TARGET_NAME)";
				SWIFT_VERSION = 3.0;
				TEST_HOST = "$(BUILT_PRODUCTS_DIR)/CoreDataPractice.app/CoreDataPractice";
			};
			name = Release;
		};
/* End XCBuildConfiguration section */

/* Begin XCConfigurationList section */
		E3FEBB861E75108F00B76615 /* Build configuration list for PBXProject "CoreDataPractice" */ = {
			isa = XCConfigurationList;
			buildConfigurations = (
				E3FEBBA91E75108F00B76615 /* Debug */,
				E3FEBBAA1E75108F00B76615 /* Release */,
			);
			defaultConfigurationIsVisible = 0;
			defaultConfigurationName = Release;
		};
		E3FEBBAB1E75108F00B76615 /* Build configuration list for PBXNativeTarget "CoreDataPractice" */ = {
			isa = XCConfigurationList;
			buildConfigurations = (
				E3FEBBAC1E75108F00B76615 /* Debug */,
				E3FEBBAD1E75108F00B76615 /* Release */,
			);
			defaultConfigurationIsVisible = 0;
			defaultConfigurationName = Release;
		};
		E3FEBBAE1E75108F00B76615 /* Build configuration list for PBXNativeTarget "CoreDataPracticeTests" */ = {
			isa = XCConfigurationList;
			buildConfigurations = (
				E3FEBBAF1E75108F00B76615 /* Debug */,
				E3FEBBB01E75108F00B76615 /* Release */,
			);
			defaultConfigurationIsVisible = 0;
			defaultConfigurationName = Release;
		};
/* End XCConfigurationList section */

/* Begin XCVersionGroup section */
		E3FEBB951E75108F00B76615 /* CoreDataPractice.xcdatamodeld */ = {
			isa = XCVersionGroup;
			children = (
				E3FEBB961E75108F00B76615 /* CoreDataPractice.xcdatamodel */,
			);
			currentVersion = E3FEBB961E75108F00B76615 /* CoreDataPractice.xcdatamodel */;
			path = CoreDataPractice.xcdatamodeld;
			sourceTree = "<group>";
			versionGroupType = wrapper.xcdatamodel;
		};
/* End XCVersionGroup section */
	};
	rootObject = E3FEBB831E75108F00B76615 /* Project object */;
}
